// !$*UTF8*$!
{
	archiveVersion = 1;
	classes = {
	};
	objectVersion = 51;
	objects = {

/* Begin PBXBuildFile section */
		500EFC70253B4A1900AE1DEB /* DatabaseService.swift in Sources */ = {isa = PBXBuildFile; fileRef = 500EFC6F253B4A1900AE1DEB /* DatabaseService.swift */; };
		5044D6ED25233A6300384B62 /* RecipeCell.swift in Sources */ = {isa = PBXBuildFile; fileRef = 5044D6EC25233A6300384B62 /* RecipeCell.swift */; };
		5044D6F225233B9900384B62 /* Constants.swift in Sources */ = {isa = PBXBuildFile; fileRef = 5044D6F125233B9900384B62 /* Constants.swift */; };
		5044D6F525233BC700384B62 /* StringExtension.swift in Sources */ = {isa = PBXBuildFile; fileRef = 5044D6F425233BC700384B62 /* StringExtension.swift */; };
		506602A125233FA0007759EC /* HomeViewController.swift in Sources */ = {isa = PBXBuildFile; fileRef = 506602A025233FA0007759EC /* HomeViewController.swift */; };
		506602A3252342D2007759EC /* ListViewController.swift in Sources */ = {isa = PBXBuildFile; fileRef = 506602A2252342D2007759EC /* ListViewController.swift */; };
		506602A5252344C9007759EC /* DetailViewController.swift in Sources */ = {isa = PBXBuildFile; fileRef = 506602A4252344C9007759EC /* DetailViewController.swift */; };
		506602A72523477D007759EC /* FavoriteViewController.swift in Sources */ = {isa = PBXBuildFile; fileRef = 506602A62523477D007759EC /* FavoriteViewController.swift */; };
		506A1AF32521EE4000CA8EDD /* AppDelegate.swift in Sources */ = {isa = PBXBuildFile; fileRef = 506A1AF22521EE4000CA8EDD /* AppDelegate.swift */; };
		506A1AF52521EE4000CA8EDD /* SceneDelegate.swift in Sources */ = {isa = PBXBuildFile; fileRef = 506A1AF42521EE4000CA8EDD /* SceneDelegate.swift */; };
		506A1AFA2521EE4000CA8EDD /* Main.storyboard in Resources */ = {isa = PBXBuildFile; fileRef = 506A1AF82521EE4000CA8EDD /* Main.storyboard */; };
		506A1AFD2521EE4000CA8EDD /* Reciplease_Project.xcdatamodeld in Sources */ = {isa = PBXBuildFile; fileRef = 506A1AFB2521EE4000CA8EDD /* Reciplease_Project.xcdatamodeld */; };
		506A1AFF2521EE4400CA8EDD /* Assets.xcassets in Resources */ = {isa = PBXBuildFile; fileRef = 506A1AFE2521EE4400CA8EDD /* Assets.xcassets */; };
		506A1B022521EE4400CA8EDD /* LaunchScreen.storyboard in Resources */ = {isa = PBXBuildFile; fileRef = 506A1B002521EE4400CA8EDD /* LaunchScreen.storyboard */; };
		506A1B0D2521EE4500CA8EDD /* Reciplease_ProjectTests.swift in Sources */ = {isa = PBXBuildFile; fileRef = 506A1B0C2521EE4500CA8EDD /* Reciplease_ProjectTests.swift */; };
		506A1B19252201CF00CA8EDD /* Reciplease.swift in Sources */ = {isa = PBXBuildFile; fileRef = 506A1B18252201CF00CA8EDD /* Reciplease.swift */; };
		506A1B1C2522042100CA8EDD /* Config.swift in Sources */ = {isa = PBXBuildFile; fileRef = 506A1B1B2522042100CA8EDD /* Config.swift */; };
		506A1B1E2522043A00CA8EDD /* Service.swift in Sources */ = {isa = PBXBuildFile; fileRef = 506A1B1D2522043A00CA8EDD /* Service.swift */; };
		50A560DE252746C300FA8618 /* Colors.xcassets in Resources */ = {isa = PBXBuildFile; fileRef = 50A560DD252746C300FA8618 /* Colors.xcassets */; };
		C2D2C4B9B033AB777738BB21 /* Pods_Reciplease_Project.framework in Frameworks */ = {isa = PBXBuildFile; fileRef = 277D450AFC6F6020E421150A /* Pods_Reciplease_Project.framework */; };
		FB0201612550211900039B7A /* RecipesListViewController.swift in Sources */ = {isa = PBXBuildFile; fileRef = FB0201602550211900039B7A /* RecipesListViewController.swift */; };
		FB02016325502F9200039B7A /* HomeTabBarController.swift in Sources */ = {isa = PBXBuildFile; fileRef = FB02016225502F9200039B7A /* HomeTabBarController.swift */; };
/* End PBXBuildFile section */

/* Begin PBXContainerItemProxy section */
		506A1B092521EE4500CA8EDD /* PBXContainerItemProxy */ = {
			isa = PBXContainerItemProxy;
			containerPortal = 506A1AE72521EE4000CA8EDD /* Project object */;
			proxyType = 1;
			remoteGlobalIDString = 506A1AEE2521EE4000CA8EDD;
			remoteInfo = Reciplease_Project;
		};
/* End PBXContainerItemProxy section */

/* Begin PBXFileReference section */
		24D1CB20AF9B119359EB00C9 /* Pods-Reciplease_Project.release.xcconfig */ = {isa = PBXFileReference; includeInIndex = 1; lastKnownFileType = text.xcconfig; name = "Pods-Reciplease_Project.release.xcconfig"; path = "Target Support Files/Pods-Reciplease_Project/Pods-Reciplease_Project.release.xcconfig"; sourceTree = "<group>"; };
		277D450AFC6F6020E421150A /* Pods_Reciplease_Project.framework */ = {isa = PBXFileReference; explicitFileType = wrapper.framework; includeInIndex = 0; path = Pods_Reciplease_Project.framework; sourceTree = BUILT_PRODUCTS_DIR; };
		500EFC6F253B4A1900AE1DEB /* DatabaseService.swift */ = {isa = PBXFileReference; lastKnownFileType = sourcecode.swift; path = DatabaseService.swift; sourceTree = "<group>"; };
		5044D6EC25233A6300384B62 /* RecipeCell.swift */ = {isa = PBXFileReference; lastKnownFileType = sourcecode.swift; path = RecipeCell.swift; sourceTree = "<group>"; };
		5044D6F125233B9900384B62 /* Constants.swift */ = {isa = PBXFileReference; lastKnownFileType = sourcecode.swift; path = Constants.swift; sourceTree = "<group>"; };
		5044D6F425233BC700384B62 /* StringExtension.swift */ = {isa = PBXFileReference; lastKnownFileType = sourcecode.swift; path = StringExtension.swift; sourceTree = "<group>"; };
		506602A025233FA0007759EC /* HomeViewController.swift */ = {isa = PBXFileReference; lastKnownFileType = sourcecode.swift; path = HomeViewController.swift; sourceTree = "<group>"; };
		506602A2252342D2007759EC /* ListViewController.swift */ = {isa = PBXFileReference; lastKnownFileType = sourcecode.swift; path = ListViewController.swift; sourceTree = "<group>"; };
		506602A4252344C9007759EC /* DetailViewController.swift */ = {isa = PBXFileReference; lastKnownFileType = sourcecode.swift; path = DetailViewController.swift; sourceTree = "<group>"; };
		506602A62523477D007759EC /* FavoriteViewController.swift */ = {isa = PBXFileReference; lastKnownFileType = sourcecode.swift; path = FavoriteViewController.swift; sourceTree = "<group>"; };
		506A1AEF2521EE4000CA8EDD /* Reciplease_Project.app */ = {isa = PBXFileReference; explicitFileType = wrapper.application; includeInIndex = 0; path = Reciplease_Project.app; sourceTree = BUILT_PRODUCTS_DIR; };
		506A1AF22521EE4000CA8EDD /* AppDelegate.swift */ = {isa = PBXFileReference; lastKnownFileType = sourcecode.swift; path = AppDelegate.swift; sourceTree = "<group>"; };
		506A1AF42521EE4000CA8EDD /* SceneDelegate.swift */ = {isa = PBXFileReference; lastKnownFileType = sourcecode.swift; path = SceneDelegate.swift; sourceTree = "<group>"; };
		506A1AF92521EE4000CA8EDD /* Base */ = {isa = PBXFileReference; lastKnownFileType = file.storyboard; name = Base; path = Base.lproj/Main.storyboard; sourceTree = "<group>"; };
		506A1AFC2521EE4000CA8EDD /* Reciplease_Project.xcdatamodel */ = {isa = PBXFileReference; lastKnownFileType = wrapper.xcdatamodel; path = Reciplease_Project.xcdatamodel; sourceTree = "<group>"; };
		506A1AFE2521EE4400CA8EDD /* Assets.xcassets */ = {isa = PBXFileReference; lastKnownFileType = folder.assetcatalog; path = Assets.xcassets; sourceTree = "<group>"; };
		506A1B012521EE4400CA8EDD /* Base */ = {isa = PBXFileReference; lastKnownFileType = file.storyboard; name = Base; path = Base.lproj/LaunchScreen.storyboard; sourceTree = "<group>"; };
		506A1B032521EE4400CA8EDD /* Info.plist */ = {isa = PBXFileReference; lastKnownFileType = text.plist.xml; path = Info.plist; sourceTree = "<group>"; };
		506A1B082521EE4500CA8EDD /* Reciplease_ProjectTests.xctest */ = {isa = PBXFileReference; explicitFileType = wrapper.cfbundle; includeInIndex = 0; path = Reciplease_ProjectTests.xctest; sourceTree = BUILT_PRODUCTS_DIR; };
		506A1B0C2521EE4500CA8EDD /* Reciplease_ProjectTests.swift */ = {isa = PBXFileReference; lastKnownFileType = sourcecode.swift; path = Reciplease_ProjectTests.swift; sourceTree = "<group>"; };
		506A1B0E2521EE4500CA8EDD /* Info.plist */ = {isa = PBXFileReference; lastKnownFileType = text.plist.xml; path = Info.plist; sourceTree = "<group>"; };
		506A1B18252201CF00CA8EDD /* Reciplease.swift */ = {isa = PBXFileReference; lastKnownFileType = sourcecode.swift; path = Reciplease.swift; sourceTree = "<group>"; };
		506A1B1B2522042100CA8EDD /* Config.swift */ = {isa = PBXFileReference; lastKnownFileType = sourcecode.swift; path = Config.swift; sourceTree = "<group>"; };
		506A1B1D2522043A00CA8EDD /* Service.swift */ = {isa = PBXFileReference; lastKnownFileType = sourcecode.swift; path = Service.swift; sourceTree = "<group>"; };
		50A560DD252746C300FA8618 /* Colors.xcassets */ = {isa = PBXFileReference; lastKnownFileType = folder.assetcatalog; path = Colors.xcassets; sourceTree = "<group>"; };
		812A04AFE545C5E22198D427 /* Pods-Reciplease_Project.debug.xcconfig */ = {isa = PBXFileReference; includeInIndex = 1; lastKnownFileType = text.xcconfig; name = "Pods-Reciplease_Project.debug.xcconfig"; path = "Target Support Files/Pods-Reciplease_Project/Pods-Reciplease_Project.debug.xcconfig"; sourceTree = "<group>"; };
		FB0201602550211900039B7A /* RecipesListViewController.swift */ = {isa = PBXFileReference; lastKnownFileType = sourcecode.swift; path = RecipesListViewController.swift; sourceTree = "<group>"; };
		FB02016225502F9200039B7A /* HomeTabBarController.swift */ = {isa = PBXFileReference; lastKnownFileType = sourcecode.swift; path = HomeTabBarController.swift; sourceTree = "<group>"; };
/* End PBXFileReference section */

/* Begin PBXFrameworksBuildPhase section */
		506A1AEC2521EE4000CA8EDD /* Frameworks */ = {
			isa = PBXFrameworksBuildPhase;
			buildActionMask = 2147483647;
			files = (
				C2D2C4B9B033AB777738BB21 /* Pods_Reciplease_Project.framework in Frameworks */,
			);
			runOnlyForDeploymentPostprocessing = 0;
		};
		506A1B052521EE4500CA8EDD /* Frameworks */ = {
			isa = PBXFrameworksBuildPhase;
			buildActionMask = 2147483647;
			files = (
			);
			runOnlyForDeploymentPostprocessing = 0;
		};
/* End PBXFrameworksBuildPhase section */

/* Begin PBXGroup section */
		500EFC6E253B49EB00AE1DEB /* Database */ = {
			isa = PBXGroup;
			children = (
				500EFC6F253B4A1900AE1DEB /* DatabaseService.swift */,
			);
			path = Database;
			sourceTree = "<group>";
		};
		5044D6E8252338D600384B62 /* Controller */ = {
			isa = PBXGroup;
			children = (
				506602A4252344C9007759EC /* DetailViewController.swift */,
				506602A62523477D007759EC /* FavoriteViewController.swift */,
				FB02016225502F9200039B7A /* HomeTabBarController.swift */,
				506602A025233FA0007759EC /* HomeViewController.swift */,
				506602A2252342D2007759EC /* ListViewController.swift */,
				FB0201602550211900039B7A /* RecipesListViewController.swift */,
			);
			path = Controller;
			sourceTree = "<group>";
		};
		5044D6EB25233A4200384B62 /* View */ = {
			isa = PBXGroup;
			children = (
				506A1AF82521EE4000CA8EDD /* Main.storyboard */,
				5044D6EC25233A6300384B62 /* RecipeCell.swift */,
			);
			path = View;
			sourceTree = "<group>";
		};
		5044D6F025233B8800384B62 /* Utilities */ = {
			isa = PBXGroup;
			children = (
				5044D6F125233B9900384B62 /* Constants.swift */,
			);
			path = Utilities;
			sourceTree = "<group>";
		};
		5044D6F325233BB700384B62 /* Extension */ = {
			isa = PBXGroup;
			children = (
				5044D6F425233BC700384B62 /* StringExtension.swift */,
			);
			path = Extension;
			sourceTree = "<group>";
		};
		506A1AE62521EE4000CA8EDD = {
			isa = PBXGroup;
			children = (
				506A1AF12521EE4000CA8EDD /* Reciplease_Project */,
				506A1B0B2521EE4500CA8EDD /* Reciplease_ProjectTests */,
				506A1AF02521EE4000CA8EDD /* Products */,
				E4877A2414D3457FD79B8763 /* Pods */,
				A64D1BCD376131332C349400 /* Frameworks */,
			);
			sourceTree = "<group>";
		};
		506A1AF02521EE4000CA8EDD /* Products */ = {
			isa = PBXGroup;
			children = (
				506A1AEF2521EE4000CA8EDD /* Reciplease_Project.app */,
				506A1B082521EE4500CA8EDD /* Reciplease_ProjectTests.xctest */,
			);
			name = Products;
			sourceTree = "<group>";
		};
		506A1AF12521EE4000CA8EDD /* Reciplease_Project */ = {
			isa = PBXGroup;
			children = (
				500EFC6E253B49EB00AE1DEB /* Database */,
				5044D6F325233BB700384B62 /* Extension */,
				5044D6F025233B8800384B62 /* Utilities */,
				5044D6EB25233A4200384B62 /* View */,
				5044D6E8252338D600384B62 /* Controller */,
				506A1B1A2522040000CA8EDD /* Networking */,
				506A1B17252201AE00CA8EDD /* Model */,
				50A560DC2527467800FA8618 /* Supporting Files */,
				50A560DB2527462300FA8618 /* Resources */,
				506A1B032521EE4400CA8EDD /* Info.plist */,
			);
			path = Reciplease_Project;
			sourceTree = "<group>";
		};
		506A1B0B2521EE4500CA8EDD /* Reciplease_ProjectTests */ = {
			isa = PBXGroup;
			children = (
				506A1B0C2521EE4500CA8EDD /* Reciplease_ProjectTests.swift */,
				506A1B0E2521EE4500CA8EDD /* Info.plist */,
			);
			path = Reciplease_ProjectTests;
			sourceTree = "<group>";
		};
		506A1B17252201AE00CA8EDD /* Model */ = {
			isa = PBXGroup;
			children = (
				506A1AFB2521EE4000CA8EDD /* Reciplease_Project.xcdatamodeld */,
				506A1B18252201CF00CA8EDD /* Reciplease.swift */,
			);
			path = Model;
			sourceTree = "<group>";
		};
		506A1B1A2522040000CA8EDD /* Networking */ = {
			isa = PBXGroup;
			children = (
				506A1B1B2522042100CA8EDD /* Config.swift */,
				506A1B1D2522043A00CA8EDD /* Service.swift */,
			);
			path = Networking;
			sourceTree = "<group>";
		};
		50A560DB2527462300FA8618 /* Resources */ = {
			isa = PBXGroup;
			children = (
				506A1AFE2521EE4400CA8EDD /* Assets.xcassets */,
				50A560DD252746C300FA8618 /* Colors.xcassets */,
			);
			path = Resources;
			sourceTree = "<group>";
		};
		50A560DC2527467800FA8618 /* Supporting Files */ = {
			isa = PBXGroup;
			children = (
				506A1B002521EE4400CA8EDD /* LaunchScreen.storyboard */,
				506A1AF22521EE4000CA8EDD /* AppDelegate.swift */,
				506A1AF42521EE4000CA8EDD /* SceneDelegate.swift */,
			);
			path = "Supporting Files";
			sourceTree = "<group>";
		};
		A64D1BCD376131332C349400 /* Frameworks */ = {
			isa = PBXGroup;
			children = (
				277D450AFC6F6020E421150A /* Pods_Reciplease_Project.framework */,
			);
			name = Frameworks;
			sourceTree = "<group>";
		};
		E4877A2414D3457FD79B8763 /* Pods */ = {
			isa = PBXGroup;
			children = (
				812A04AFE545C5E22198D427 /* Pods-Reciplease_Project.debug.xcconfig */,
				24D1CB20AF9B119359EB00C9 /* Pods-Reciplease_Project.release.xcconfig */,
			);
			path = Pods;
			sourceTree = "<group>";
		};
/* End PBXGroup section */

/* Begin PBXNativeTarget section */
		506A1AEE2521EE4000CA8EDD /* Reciplease_Project */ = {
			isa = PBXNativeTarget;
			buildConfigurationList = 506A1B112521EE4500CA8EDD /* Build configuration list for PBXNativeTarget "Reciplease_Project" */;
			buildPhases = (
				D7184EE88D2D61496F43CA61 /* [CP] Check Pods Manifest.lock */,
				506A1AEB2521EE4000CA8EDD /* Sources */,
				506A1AEC2521EE4000CA8EDD /* Frameworks */,
				506A1AED2521EE4000CA8EDD /* Resources */,
				70793988414412D209B017A9 /* [CP] Embed Pods Frameworks */,
			);
			buildRules = (
			);
			dependencies = (
			);
			name = Reciplease_Project;
			productName = Reciplease_Project;
			productReference = 506A1AEF2521EE4000CA8EDD /* Reciplease_Project.app */;
			productType = "com.apple.product-type.application";
		};
		506A1B072521EE4500CA8EDD /* Reciplease_ProjectTests */ = {
			isa = PBXNativeTarget;
			buildConfigurationList = 506A1B142521EE4500CA8EDD /* Build configuration list for PBXNativeTarget "Reciplease_ProjectTests" */;
			buildPhases = (
				506A1B042521EE4500CA8EDD /* Sources */,
				506A1B052521EE4500CA8EDD /* Frameworks */,
				506A1B062521EE4500CA8EDD /* Resources */,
			);
			buildRules = (
			);
			dependencies = (
				506A1B0A2521EE4500CA8EDD /* PBXTargetDependency */,
			);
			name = Reciplease_ProjectTests;
			productName = Reciplease_ProjectTests;
			productReference = 506A1B082521EE4500CA8EDD /* Reciplease_ProjectTests.xctest */;
			productType = "com.apple.product-type.bundle.unit-test";
		};
/* End PBXNativeTarget section */

/* Begin PBXProject section */
		506A1AE72521EE4000CA8EDD /* Project object */ = {
			isa = PBXProject;
			attributes = {
				LastSwiftUpdateCheck = 1140;
				LastUpgradeCheck = 1140;
				ORGANIZATIONNAME = Wandianga;
				TargetAttributes = {
					506A1AEE2521EE4000CA8EDD = {
						CreatedOnToolsVersion = 11.4.1;
					};
					506A1B072521EE4500CA8EDD = {
						CreatedOnToolsVersion = 11.4.1;
						TestTargetID = 506A1AEE2521EE4000CA8EDD;
					};
				};
			};
			buildConfigurationList = 506A1AEA2521EE4000CA8EDD /* Build configuration list for PBXProject "Reciplease_Project" */;
			compatibilityVersion = "Xcode 9.3";
			developmentRegion = en;
			hasScannedForEncodings = 0;
			knownRegions = (
				en,
				Base,
			);
			mainGroup = 506A1AE62521EE4000CA8EDD;
			productRefGroup = 506A1AF02521EE4000CA8EDD /* Products */;
			projectDirPath = "";
			projectRoot = "";
			targets = (
				506A1AEE2521EE4000CA8EDD /* Reciplease_Project */,
				506A1B072521EE4500CA8EDD /* Reciplease_ProjectTests */,
			);
		};
/* End PBXProject section */

/* Begin PBXResourcesBuildPhase section */
		506A1AED2521EE4000CA8EDD /* Resources */ = {
			isa = PBXResourcesBuildPhase;
			buildActionMask = 2147483647;
			files = (
				506A1B022521EE4400CA8EDD /* LaunchScreen.storyboard in Resources */,
				50A560DE252746C300FA8618 /* Colors.xcassets in Resources */,
				506A1AFF2521EE4400CA8EDD /* Assets.xcassets in Resources */,
				506A1AFA2521EE4000CA8EDD /* Main.storyboard in Resources */,
			);
			runOnlyForDeploymentPostprocessing = 0;
		};
		506A1B062521EE4500CA8EDD /* Resources */ = {
			isa = PBXResourcesBuildPhase;
			buildActionMask = 2147483647;
			files = (
			);
			runOnlyForDeploymentPostprocessing = 0;
		};
/* End PBXResourcesBuildPhase section */

/* Begin PBXShellScriptBuildPhase section */
		70793988414412D209B017A9 /* [CP] Embed Pods Frameworks */ = {
			isa = PBXShellScriptBuildPhase;
			buildActionMask = 2147483647;
			files = (
			);
			inputFileListPaths = (
				"${PODS_ROOT}/Target Support Files/Pods-Reciplease_Project/Pods-Reciplease_Project-frameworks-${CONFIGURATION}-input-files.xcfilelist",
			);
			name = "[CP] Embed Pods Frameworks";
			outputFileListPaths = (
				"${PODS_ROOT}/Target Support Files/Pods-Reciplease_Project/Pods-Reciplease_Project-frameworks-${CONFIGURATION}-output-files.xcfilelist",
			);
			runOnlyForDeploymentPostprocessing = 0;
			shellPath = /bin/sh;
			shellScript = "\"${PODS_ROOT}/Target Support Files/Pods-Reciplease_Project/Pods-Reciplease_Project-frameworks.sh\"\n";
			showEnvVarsInLog = 0;
		};
		D7184EE88D2D61496F43CA61 /* [CP] Check Pods Manifest.lock */ = {
			isa = PBXShellScriptBuildPhase;
			buildActionMask = 2147483647;
			files = (
			);
			inputFileListPaths = (
			);
			inputPaths = (
				"${PODS_PODFILE_DIR_PATH}/Podfile.lock",
				"${PODS_ROOT}/Manifest.lock",
			);
			name = "[CP] Check Pods Manifest.lock";
			outputFileListPaths = (
			);
			outputPaths = (
				"$(DERIVED_FILE_DIR)/Pods-Reciplease_Project-checkManifestLockResult.txt",
			);
			runOnlyForDeploymentPostprocessing = 0;
			shellPath = /bin/sh;
			shellScript = "diff \"${PODS_PODFILE_DIR_PATH}/Podfile.lock\" \"${PODS_ROOT}/Manifest.lock\" > /dev/null\nif [ $? != 0 ] ; then\n    # print error to STDERR\n    echo \"error: The sandbox is not in sync with the Podfile.lock. Run 'pod install' or update your CocoaPods installation.\" >&2\n    exit 1\nfi\n# This output is used by Xcode 'outputs' to avoid re-running this script phase.\necho \"SUCCESS\" > \"${SCRIPT_OUTPUT_FILE_0}\"\n";
			showEnvVarsInLog = 0;
		};
/* End PBXShellScriptBuildPhase section */

/* Begin PBXSourcesBuildPhase section */
		506A1AEB2521EE4000CA8EDD /* Sources */ = {
			isa = PBXSourcesBuildPhase;
			buildActionMask = 2147483647;
			files = (
				FB0201612550211900039B7A /* RecipesListViewController.swift in Sources */,
				506602A5252344C9007759EC /* DetailViewController.swift in Sources */,
				5044D6F225233B9900384B62 /* Constants.swift in Sources */,
				506602A3252342D2007759EC /* ListViewController.swift in Sources */,
				506A1B1E2522043A00CA8EDD /* Service.swift in Sources */,
				506A1B19252201CF00CA8EDD /* Reciplease.swift in Sources */,
				5044D6ED25233A6300384B62 /* RecipeCell.swift in Sources */,
				5044D6F525233BC700384B62 /* StringExtension.swift in Sources */,
				506A1AF32521EE4000CA8EDD /* AppDelegate.swift in Sources */,
				500EFC70253B4A1900AE1DEB /* DatabaseService.swift in Sources */,
				506602A125233FA0007759EC /* HomeViewController.swift in Sources */,
				506602A72523477D007759EC /* FavoriteViewController.swift in Sources */,
				506A1AFD2521EE4000CA8EDD /* Reciplease_Project.xcdatamodeld in Sources */,
				506A1AF52521EE4000CA8EDD /* SceneDelegate.swift in Sources */,
				FB02016325502F9200039B7A /* HomeTabBarController.swift in Sources */,
				506A1B1C2522042100CA8EDD /* Config.swift in Sources */,
			);
			runOnlyForDeploymentPostprocessing = 0;
		};
		506A1B042521EE4500CA8EDD /* Sources */ = {
			isa = PBXSourcesBuildPhase;
			buildActionMask = 2147483647;
			files = (
				506A1B0D2521EE4500CA8EDD /* Reciplease_ProjectTests.swift in Sources */,
			);
			runOnlyForDeploymentPostprocessing = 0;
		};
/* End PBXSourcesBuildPhase section */

/* Begin PBXTargetDependency section */
		506A1B0A2521EE4500CA8EDD /* PBXTargetDependency */ = {
			isa = PBXTargetDependency;
			target = 506A1AEE2521EE4000CA8EDD /* Reciplease_Project */;
			targetProxy = 506A1B092521EE4500CA8EDD /* PBXContainerItemProxy */;
		};
/* End PBXTargetDependency section */

/* Begin PBXVariantGroup section */
		506A1AF82521EE4000CA8EDD /* Main.storyboard */ = {
			isa = PBXVariantGroup;
			children = (
				506A1AF92521EE4000CA8EDD /* Base */,
			);
			name = Main.storyboard;
			sourceTree = "<group>";
		};
		506A1B002521EE4400CA8EDD /* LaunchScreen.storyboard */ = {
			isa = PBXVariantGroup;
			children = (
				506A1B012521EE4400CA8EDD /* Base */,
			);
			name = LaunchScreen.storyboard;
			sourceTree = "<group>";
		};
/* End PBXVariantGroup section */

/* Begin XCBuildConfiguration section */
		506A1B0F2521EE4500CA8EDD /* Debug */ = {
			isa = XCBuildConfiguration;
			buildSettings = {
				ALWAYS_SEARCH_USER_PATHS = NO;
				CLANG_ANALYZER_NONNULL = YES;
				CLANG_ANALYZER_NUMBER_OBJECT_CONVERSION = YES_AGGRESSIVE;
				CLANG_CXX_LANGUAGE_STANDARD = "gnu++14";
				CLANG_CXX_LIBRARY = "libc++";
				CLANG_ENABLE_MODULES = YES;
				CLANG_ENABLE_OBJC_ARC = YES;
				CLANG_ENABLE_OBJC_WEAK = YES;
				CLANG_WARN_BLOCK_CAPTURE_AUTORELEASING = YES;
				CLANG_WARN_BOOL_CONVERSION = YES;
				CLANG_WARN_COMMA = YES;
				CLANG_WARN_CONSTANT_CONVERSION = YES;
				CLANG_WARN_DEPRECATED_OBJC_IMPLEMENTATIONS = YES;
				CLANG_WARN_DIRECT_OBJC_ISA_USAGE = YES_ERROR;
				CLANG_WARN_DOCUMENTATION_COMMENTS = YES;
				CLANG_WARN_EMPTY_BODY = YES;
				CLANG_WARN_ENUM_CONVERSION = YES;
				CLANG_WARN_INFINITE_RECURSION = YES;
				CLANG_WARN_INT_CONVERSION = YES;
				CLANG_WARN_NON_LITERAL_NULL_CONVERSION = YES;
				CLANG_WARN_OBJC_IMPLICIT_RETAIN_SELF = YES;
				CLANG_WARN_OBJC_LITERAL_CONVERSION = YES;
				CLANG_WARN_OBJC_ROOT_CLASS = YES_ERROR;
				CLANG_WARN_RANGE_LOOP_ANALYSIS = YES;
				CLANG_WARN_STRICT_PROTOTYPES = YES;
				CLANG_WARN_SUSPICIOUS_MOVE = YES;
				CLANG_WARN_UNGUARDED_AVAILABILITY = YES_AGGRESSIVE;
				CLANG_WARN_UNREACHABLE_CODE = YES;
				CLANG_WARN__DUPLICATE_METHOD_MATCH = YES;
				COPY_PHASE_STRIP = NO;
				DEBUG_INFORMATION_FORMAT = dwarf;
				ENABLE_STRICT_OBJC_MSGSEND = YES;
				ENABLE_TESTABILITY = YES;
				GCC_C_LANGUAGE_STANDARD = gnu11;
				GCC_DYNAMIC_NO_PIC = NO;
				GCC_NO_COMMON_BLOCKS = YES;
				GCC_OPTIMIZATION_LEVEL = 0;
				GCC_PREPROCESSOR_DEFINITIONS = (
					"DEBUG=1",
					"$(inherited)",
				);
				GCC_WARN_64_TO_32_BIT_CONVERSION = YES;
				GCC_WARN_ABOUT_RETURN_TYPE = YES_ERROR;
				GCC_WARN_UNDECLARED_SELECTOR = YES;
				GCC_WARN_UNINITIALIZED_AUTOS = YES_AGGRESSIVE;
				GCC_WARN_UNUSED_FUNCTION = YES;
				GCC_WARN_UNUSED_VARIABLE = YES;
				IPHONEOS_DEPLOYMENT_TARGET = 13.4;
				MTL_ENABLE_DEBUG_INFO = INCLUDE_SOURCE;
				MTL_FAST_MATH = YES;
				ONLY_ACTIVE_ARCH = YES;
				SDKROOT = iphoneos;
				SWIFT_ACTIVE_COMPILATION_CONDITIONS = DEBUG;
				SWIFT_OPTIMIZATION_LEVEL = "-Onone";
			};
			name = Debug;
		};
		506A1B102521EE4500CA8EDD /* Release */ = {
			isa = XCBuildConfiguration;
			buildSettings = {
				ALWAYS_SEARCH_USER_PATHS = NO;
				CLANG_ANALYZER_NONNULL = YES;
				CLANG_ANALYZER_NUMBER_OBJECT_CONVERSION = YES_AGGRESSIVE;
				CLANG_CXX_LANGUAGE_STANDARD = "gnu++14";
				CLANG_CXX_LIBRARY = "libc++";
				CLANG_ENABLE_MODULES = YES;
				CLANG_ENABLE_OBJC_ARC = YES;
				CLANG_ENABLE_OBJC_WEAK = YES;
				CLANG_WARN_BLOCK_CAPTURE_AUTORELEASING = YES;
				CLANG_WARN_BOOL_CONVERSION = YES;
				CLANG_WARN_COMMA = YES;
				CLANG_WARN_CONSTANT_CONVERSION = YES;
				CLANG_WARN_DEPRECATED_OBJC_IMPLEMENTATIONS = YES;
				CLANG_WARN_DIRECT_OBJC_ISA_USAGE = YES_ERROR;
				CLANG_WARN_DOCUMENTATION_COMMENTS = YES;
				CLANG_WARN_EMPTY_BODY = YES;
				CLANG_WARN_ENUM_CONVERSION = YES;
				CLANG_WARN_INFINITE_RECURSION = YES;
				CLANG_WARN_INT_CONVERSION = YES;
				CLANG_WARN_NON_LITERAL_NULL_CONVERSION = YES;
				CLANG_WARN_OBJC_IMPLICIT_RETAIN_SELF = YES;
				CLANG_WARN_OBJC_LITERAL_CONVERSION = YES;
				CLANG_WARN_OBJC_ROOT_CLASS = YES_ERROR;
				CLANG_WARN_RANGE_LOOP_ANALYSIS = YES;
				CLANG_WARN_STRICT_PROTOTYPES = YES;
				CLANG_WARN_SUSPICIOUS_MOVE = YES;
				CLANG_WARN_UNGUARDED_AVAILABILITY = YES_AGGRESSIVE;
				CLANG_WARN_UNREACHABLE_CODE = YES;
				CLANG_WARN__DUPLICATE_METHOD_MATCH = YES;
				COPY_PHASE_STRIP = NO;
				DEBUG_INFORMATION_FORMAT = "dwarf-with-dsym";
				ENABLE_NS_ASSERTIONS = NO;
				ENABLE_STRICT_OBJC_MSGSEND = YES;
				GCC_C_LANGUAGE_STANDARD = gnu11;
				GCC_NO_COMMON_BLOCKS = YES;
				GCC_WARN_64_TO_32_BIT_CONVERSION = YES;
				GCC_WARN_ABOUT_RETURN_TYPE = YES_ERROR;
				GCC_WARN_UNDECLARED_SELECTOR = YES;
				GCC_WARN_UNINITIALIZED_AUTOS = YES_AGGRESSIVE;
				GCC_WARN_UNUSED_FUNCTION = YES;
				GCC_WARN_UNUSED_VARIABLE = YES;
				IPHONEOS_DEPLOYMENT_TARGET = 13.4;
				MTL_ENABLE_DEBUG_INFO = NO;
				MTL_FAST_MATH = YES;
				SDKROOT = iphoneos;
				SWIFT_COMPILATION_MODE = wholemodule;
				SWIFT_OPTIMIZATION_LEVEL = "-O";
				VALIDATE_PRODUCT = YES;
			};
			name = Release;
		};
		506A1B122521EE4500CA8EDD /* Debug */ = {
			isa = XCBuildConfiguration;
			baseConfigurationReference = 812A04AFE545C5E22198D427 /* Pods-Reciplease_Project.debug.xcconfig */;
			buildSettings = {
				ASSETCATALOG_COMPILER_APPICON_NAME = AppIcon;
				CODE_SIGN_STYLE = Automatic;
				DEVELOPMENT_TEAM = 2V8J9Z7FB8;
				INFOPLIST_FILE = Reciplease_Project/Info.plist;
				IPHONEOS_DEPLOYMENT_TARGET = 13.0;
				LD_RUNPATH_SEARCH_PATHS = (
					"$(inherited)",
					"@executable_path/Frameworks",
				);
				PRODUCT_BUNDLE_IDENTIFIER = "com.hw.Reciplease-Project";
				PRODUCT_NAME = "$(TARGET_NAME)";
				SWIFT_VERSION = 5.0;
				TARGETED_DEVICE_FAMILY = 1;
			};
			name = Debug;
		};
		506A1B132521EE4500CA8EDD /* Release */ = {
			isa = XCBuildConfiguration;
			baseConfigurationReference = 24D1CB20AF9B119359EB00C9 /* Pods-Reciplease_Project.release.xcconfig */;
			buildSettings = {
				ASSETCATALOG_COMPILER_APPICON_NAME = AppIcon;
				CODE_SIGN_STYLE = Automatic;
				DEVELOPMENT_TEAM = 2V8J9Z7FB8;
				INFOPLIST_FILE = Reciplease_Project/Info.plist;
				IPHONEOS_DEPLOYMENT_TARGET = 13.0;
				LD_RUNPATH_SEARCH_PATHS = (
					"$(inherited)",
					"@executable_path/Frameworks",
				);
				PRODUCT_BUNDLE_IDENTIFIER = "com.hw.Reciplease-Project";
				PRODUCT_NAME = "$(TARGET_NAME)";
				SWIFT_VERSION = 5.0;
				TARGETED_DEVICE_FAMILY = 1;
			};
			name = Release;
		};
		506A1B152521EE4500CA8EDD /* Debug */ = {
			isa = XCBuildConfiguration;
			buildSettings = {
				ALWAYS_EMBED_SWIFT_STANDARD_LIBRARIES = YES;
				BUNDLE_LOADER = "$(TEST_HOST)";
				CODE_SIGN_STYLE = Automatic;
				DEVELOPMENT_TEAM = 2V8J9Z7FB8;
				INFOPLIST_FILE = Reciplease_ProjectTests/Info.plist;
				IPHONEOS_DEPLOYMENT_TARGET = 13.4;
				LD_RUNPATH_SEARCH_PATHS = (
					"$(inherited)",
					"@executable_path/Frameworks",
					"@loader_path/Frameworks",
				);
				PRODUCT_BUNDLE_IDENTIFIER = "com.hw.Reciplease-ProjectTests";
				PRODUCT_NAME = "$(TARGET_NAME)";
				SWIFT_VERSION = 5.0;
				TARGETED_DEVICE_FAMILY = "1,2";
				TEST_HOST = "$(BUILT_PRODUCTS_DIR)/Reciplease_Project.app/Reciplease_Project";
			};
			name = Debug;
		};
		506A1B162521EE4500CA8EDD /* Release */ = {
			isa = XCBuildConfiguration;
			buildSettings = {
				ALWAYS_EMBED_SWIFT_STANDARD_LIBRARIES = YES;
				BUNDLE_LOADER = "$(TEST_HOST)";
				CODE_SIGN_STYLE = Automatic;
				DEVELOPMENT_TEAM = 2V8J9Z7FB8;
				INFOPLIST_FILE = Reciplease_ProjectTests/Info.plist;
				IPHONEOS_DEPLOYMENT_TARGET = 13.4;
				LD_RUNPATH_SEARCH_PATHS = (
					"$(inherited)",
					"@executable_path/Frameworks",
					"@loader_path/Frameworks",
				);
				PRODUCT_BUNDLE_IDENTIFIER = "com.hw.Reciplease-ProjectTests";
				PRODUCT_NAME = "$(TARGET_NAME)";
				SWIFT_VERSION = 5.0;
				TARGETED_DEVICE_FAMILY = "1,2";
				TEST_HOST = "$(BUILT_PRODUCTS_DIR)/Reciplease_Project.app/Reciplease_Project";
			};
			name = Release;
		};
/* End XCBuildConfiguration section */

/* Begin XCConfigurationList section */
		506A1AEA2521EE4000CA8EDD /* Build configuration list for PBXProject "Reciplease_Project" */ = {
			isa = XCConfigurationList;
			buildConfigurations = (
				506A1B0F2521EE4500CA8EDD /* Debug */,
				506A1B102521EE4500CA8EDD /* Release */,
			);
			defaultConfigurationIsVisible = 0;
			defaultConfigurationName = Release;
		};
		506A1B112521EE4500CA8EDD /* Build configuration list for PBXNativeTarget "Reciplease_Project" */ = {
			isa = XCConfigurationList;
			buildConfigurations = (
				506A1B122521EE4500CA8EDD /* Debug */,
				506A1B132521EE4500CA8EDD /* Release */,
			);
			defaultConfigurationIsVisible = 0;
			defaultConfigurationName = Release;
		};
		506A1B142521EE4500CA8EDD /* Build configuration list for PBXNativeTarget "Reciplease_ProjectTests" */ = {
			isa = XCConfigurationList;
			buildConfigurations = (
				506A1B152521EE4500CA8EDD /* Debug */,
				506A1B162521EE4500CA8EDD /* Release */,
			);
			defaultConfigurationIsVisible = 0;
			defaultConfigurationName = Release;
		};
/* End XCConfigurationList section */

/* Begin XCVersionGroup section */
		506A1AFB2521EE4000CA8EDD /* Reciplease_Project.xcdatamodeld */ = {
			isa = XCVersionGroup;
			children = (
				506A1AFC2521EE4000CA8EDD /* Reciplease_Project.xcdatamodel */,
			);
			currentVersion = 506A1AFC2521EE4000CA8EDD /* Reciplease_Project.xcdatamodel */;
			path = Reciplease_Project.xcdatamodeld;
			sourceTree = "<group>";
			versionGroupType = wrapper.xcdatamodel;
		};
/* End XCVersionGroup section */
	};
	rootObject = 506A1AE72521EE4000CA8EDD /* Project object */;
}
